# This file is automatically @generated by Cargo.
# It is not intended for manual editing.
[[package]]
name = "bitflags"
version = "1.2.1"
source = "registry+https://github.com/rust-lang/crates.io-index"
checksum = "cf1de2fe8c75bc145a2f577add951f8134889b4795d47466a54a5c846d691693"

[[package]]
name = "capstone"
version = "0.6.0"
source = "registry+https://github.com/rust-lang/crates.io-index"
checksum = "031ba51c39151a1d6336ec859646153187204b0147c7b3f6fe2de636f1b8dbb3"
dependencies = [
 "capstone-sys",
]

[[package]]
name = "capstone-sys"
version = "0.10.0"
source = "registry+https://github.com/rust-lang/crates.io-index"
checksum = "fae25eddcb80e24f98c35952c37a91ff7f8d0f60dbbdafb9763e8d5cc566b8d7"
dependencies = [
 "cc",
]

[[package]]
name = "cc"
version = "1.0.68"
source = "registry+https://github.com/rust-lang/crates.io-index"
checksum = "4a72c244c1ff497a746a7e1fb3d14bd08420ecda70c8f25c7112f2781652d787"

[[package]]
name = "libc"
version = "0.2.97"
source = "registry+https://github.com/rust-lang/crates.io-index"
checksum = "12b8adadd720df158f4d70dfe7ccc6adb0472d7c55ca83445f6a5ab3e36f8fb6"

[[package]]
name = "unicorn-engine"
version = "1.0.0"
dependencies = [
 "bitflags",
 "capstone",
 "libc",
]
